
Microsoft Visual Studio Solution File, Format Version 12.00
# Visual Studio Version 17
VisualStudioVersion = 17.6.33829.357
MinimumVisualStudioVersion = 10.0.40219.1
Project("{FAE04EC0-301F-11D3-BF4B-00C04F79EFBC}") = "MvcMovie", "MvcMovie\MvcMovie.csproj", "{4FEFA68B-D783-4B92-BD07-124995A97965}"
EndProject
Global
	GlobalSection(SolutionConfigurationPlatforms) = preSolution
		Debug|Any CPU = Debug|Any CPU
		Release|Any CPU = Release|Any CPU
	EndGlobalSection
	GlobalSection(ProjectConfigurationPlatforms) = postSolution
		{4FEFA68B-D783-4B92-BD07-124995A97965}.Debug|Any CPU.ActiveCfg = Debug|Any CPU
		{4FEFA68B-D783-4B92-BD07-124995A97965}.Debug|Any CPU.Build.0 = Debug|Any CPU
		{4FEFA68B-D783-4B92-BD07-124995A97965}.Release|Any CPU.ActiveCfg = Release|Any CPU
		{4FEFA68B-D783-4B92-BD07-124995A97965}.Release|Any CPU.Build.0 = Release|Any CPU
	EndGlobalSection
	GlobalSection(SolutionProperties) = preSolution
		HideSolutionNode = FALSE
	EndGlobalSection
	GlobalSection(ExtensibilityGlobals) = postSolution
		SolutionGuid = {090AC8FD-8F79-4FFF-A2DC-7F776AC701C3}
	EndGlobalSection
EndGlobal
